
Microsoft Visual Studio Solution File, Format Version 12.00
# Visual Studio Version 17
VisualStudioVersion = 17.7.34031.279
MinimumVisualStudioVersion = 10.0.40219.1
Project("{FAE04EC0-301F-11D3-BF4B-00C04F79EFBC}") = "TicTacToe", "TicTacToe.csproj", "{28F058F1-EFEA-4839-A485-65BF46FE83DA}"
EndProject
Global
	GlobalSection(SolutionConfigurationPlatforms) = preSolution
		Debug|Any CPU = Debug|Any CPU
		Release|Any CPU = Release|Any CPU
	EndGlobalSection
	GlobalSection(ProjectConfigurationPlatforms) = postSolution
		{28F058F1-EFEA-4839-A485-65BF46FE83DA}.Debug|Any CPU.ActiveCfg = Debug|Any CPU
		{28F058F1-EFEA-4839-A485-65BF46FE83DA}.Debug|Any CPU.Build.0 = Debug|Any CPU
		{28F058F1-EFEA-4839-A485-65BF46FE83DA}.Release|Any CPU.ActiveCfg = Release|Any CPU
		{28F058F1-EFEA-4839-A485-65BF46FE83DA}.Release|Any CPU.Build.0 = Release|Any CPU
	EndGlobalSection
	GlobalSection(SolutionProperties) = preSolution
		HideSolutionNode = FALSE
	EndGlobalSection
	GlobalSection(ExtensibilityGlobals) = postSolution
		SolutionGuid = {CEFA0984-AE3B-4058-A5BD-2CCBA523417D}
	EndGlobalSection
EndGlobal
